github.com/ad3n/v8go v0.12.0 h1:2euFtbnPd6yNob/GXpl1bZCcj7qIDe6aBIBarA8xXt0=
github.com/ad3n/v8go v0.12.0/go.mod h1:i1kEOpxSr4tE4cwi/eeh9xeEiHrrY7d22nqOpjGcz1A=
github.com/ad3n/v8go v0.37.0 h1:MT5478AI97gAdzVE/sgsUSc+0aCfVxKIPpfOxgrQJVY=
github.com/ad3n/v8go v0.37.0/go.mod h1:D8c4r10yAO+93QXWiRJ1LoubZv4hiYb1pgRSOvN2lM8=
github.com/ad3n/v8go/deps/android_amd64 v0.0.0-20240501150430-eeb2274ce183 h1:RmI75CsRbF/3DxdS39uTur0drS/DHKFrGjOSt0R/v84=
github.com/ad3n/v8go/deps/android_amd64 v0.0.0-20240501150430-eeb2274ce183/go.mod h1:+SU4RWSqMXAx2oR/Gzkyc1YAG6F8SCzttMv3sZkh+qY=
github.com/ad3n/v8go/deps/android_arm64 v0.0.0-20240501150430-eeb2274ce183 h1:B04654ZCRSXWMHu1wZmxY5KbCqDj6b1S/xcBD5pC3w8=
github.com/ad3n/v8go/deps/android_arm64 v0.0.0-20240501150430-eeb2274ce183/go.mod h1:cR4ynUc528GmLCLOb3c1iM2d6qZ5DCVHh+eAD7sJDBQ=
github.com/ad3n/v8go/deps/darwin_amd64 v0.0.0-20240501150430-eeb2274ce183 h1:3aTrD5hgMhWYTtDPvAp7yk0Et483Qv25jK8TkxUADP0=
github.com/ad3n/v8go/deps/darwin_amd64 v0.0.0-20240501150430-eeb2274ce183/go.mod h1:0qn9w9F7mniTrixPYggJNQQtpAkb9OKY3STy3SSEBi4=
github.com/ad3n/v8go/deps/darwin_arm64 v0.0.0-20240501150430-eeb2274ce183 h1:SuABheNzf8yW24ciDinoiPBbGXGgybyBCHov/EZU10g=
github.com/ad3n/v8go/deps/darwin_arm64 v0.0.0-20240501150430-eeb2274ce183/go.mod h1:bd8hssu+JaGC4mIE9SukKia0TYs5v977mNodhgpJrdo=
github.com/ad3n/v8go/deps/linux_amd64 v0.0.0-20240501150430-eeb2274ce183 h1:GVhguGceYaazhXZDQT0ebY9TbCv9j5UJvU1cAW4t84Y=
github.com/ad3n/v8go/deps/linux_amd64 v0.0.0-20240501150430-eeb2274ce183/go.mod h1:ZKG7g6Rah4/ZRzb07qFrQI/EPSm2PMj1cN/9y4fxgO8=
github.com/ad3n/v8go/deps/linux_arm64 v0.0.0-20240501150430-eeb2274ce183 h1:G88jNgZXPFl/HZkP2PIEshSp8HNXc4Ei/bVRbFYXG+8=
github.com/ad3n/v8go/deps/linux_arm64 v0.0.0-20240501150430-eeb2274ce183/go.mod h1:B/myVnZ82IRgW//OzDnHArcOzW8Yq7FbWnMnYPbZ0Hc=
github.com/tommie/v8go/deps/android_amd64 v0.0.0-20250515043113-5dcc98077472/go.mod h1:+SU4RWSqMXAx2oR/Gzkyc1YAG6F8SCzttMv3sZkh+qY=
github.com/tommie/v8go/deps/android_amd64 v0.0.0-20250521203357-c9a10f00f747 h1:0eYQDk8VEg5gx4Hijg4l94J9zkC5KeLsqORXbzFvRz4=
github.com/tommie/v8go/deps/android_amd64 v0.0.0-20250521203357-c9a10f00f747/go.mod h1:+SU4RWSqMXAx2oR/Gzkyc1YAG6F8SCzttMv3sZkh+qY=
github.com/tommie/v8go/deps/android_arm64 v0.0.0-20250515043113-5dcc98077472/go.mod h1:cR4ynUc528GmLCLOb3c1iM2d6qZ5DCVHh+eAD7sJDBQ=
github.com/tommie/v8go/deps/android_arm64 v0.0.0-20250521203357-c9a10f00f747 h1:WUh/9SNTmJrX1S9s933J9G6B/04CvyxNVeCml2TQLEY=
github.com/tommie/v8go/deps/android_arm64 v0.0.0-20250521203357-c9a10f00f747/go.mod h1:cR4ynUc528GmLCLOb3c1iM2d6qZ5DCVHh+eAD7sJDBQ=
github.com/tommie/v8go/deps/darwin_amd64 v0.0.0-20250515043113-5dcc98077472/go.mod h1:0qn9w9F7mniTrixPYggJNQQtpAkb9OKY3STy3SSEBi4=
github.com/tommie/v8go/deps/darwin_amd64 v0.0.0-20250521203357-c9a10f00f747 h1:lJYBFNU2keePVOUmo9mmPUjVvVqLdGjdgB8OhhigTiY=
github.com/tommie/v8go/deps/darwin_amd64 v0.0.0-20250521203357-c9a10f00f747/go.mod h1:0qn9w9F7mniTrixPYggJNQQtpAkb9OKY3STy3SSEBi4=
github.com/tommie/v8go/deps/darwin_arm64 v0.0.0-20250515043113-5dcc98077472/go.mod h1:bd8hssu+JaGC4mIE9SukKia0TYs5v977mNodhgpJrdo=
github.com/tommie/v8go/deps/darwin_arm64 v0.0.0-20250521203357-c9a10f00f747 h1:RV9YqX9r4yG0J+dLmqwpqBca/Ot8WODDIuLadcviNSI=
github.com/tommie/v8go/deps/darwin_arm64 v0.0.0-20250521203357-c9a10f00f747/go.mod h1:bd8hssu+JaGC4mIE9SukKia0TYs5v977mNodhgpJrdo=
github.com/tommie/v8go/deps/linux_amd64 v0.0.0-20250515043113-5dcc98077472/go.mod h1:ZKG7g6Rah4/ZRzb07qFrQI/EPSm2PMj1cN/9y4fxgO8=
github.com/tommie/v8go/deps/linux_amd64 v0.0.0-20250521203357-c9a10f00f747 h1:FuBmeNAD1q2OpMRox0KkLjJik8Z4ZMx1Ewwl4xGw+48=
github.com/tommie/v8go/deps/linux_amd64 v0.0.0-20250521203357-c9a10f00f747/go.mod h1:ZKG7g6Rah4/ZRzb07qFrQI/EPSm2PMj1cN/9y4fxgO8=
github.com/tommie/v8go/deps/linux_arm64 v0.0.0-20250515043113-5dcc98077472/go.mod h1:B/myVnZ82IRgW//OzDnHArcOzW8Yq7FbWnMnYPbZ0Hc=
github.com/tommie/v8go/deps/linux_arm64 v0.0.0-20250521203357-c9a10f00f747 h1:FYRhFjyET1sM9CQWl1iR0jHmpRTHo9jo+/+9mVms2Ww=
github.com/tommie/v8go/deps/linux_arm64 v0.0.0-20250521203357-c9a10f00f747/go.mod h1:B/myVnZ82IRgW//OzDnHArcOzW8Yq7FbWnMnYPbZ0Hc=
